// !$*UTF8*$!
{
	archiveVersion = 1;
	classes = {
	};
	objectVersion = 50;
	objects = {

/* Begin PBXBuildFile section */
		600CFCC225D258E3006B5951 /* AppDelegate.swift in Sources */ = {isa = PBXBuildFile; fileRef = 600CFCC125D258E3006B5951 /* AppDelegate.swift */; };
		600CFCC425D258E3006B5951 /* SceneDelegate.swift in Sources */ = {isa = PBXBuildFile; fileRef = 600CFCC325D258E3006B5951 /* SceneDelegate.swift */; };
		600CFCC625D258E3006B5951 /* ContentView.swift in Sources */ = {isa = PBXBuildFile; fileRef = 600CFCC525D258E3006B5951 /* ContentView.swift */; };
		600CFCC825D258E4006B5951 /* Assets.xcassets in Resources */ = {isa = PBXBuildFile; fileRef = 600CFCC725D258E4006B5951 /* Assets.xcassets */; };
		600CFCCB25D258E4006B5951 /* Preview Assets.xcassets in Resources */ = {isa = PBXBuildFile; fileRef = 600CFCCA25D258E4006B5951 /* Preview Assets.xcassets */; };
		600CFCCE25D258E4006B5951 /* LaunchScreen.storyboard in Resources */ = {isa = PBXBuildFile; fileRef = 600CFCCC25D258E4006B5951 /* LaunchScreen.storyboard */; };
		600CFCD925D258E4006B5951 /* iCloudedemoTests.swift in Sources */ = {isa = PBXBuildFile; fileRef = 600CFCD825D258E4006B5951 /* iCloudedemoTests.swift */; };
		600CFCE425D258E4006B5951 /* iCloudedemoUITests.swift in Sources */ = {isa = PBXBuildFile; fileRef = 600CFCE325D258E4006B5951 /* iCloudedemoUITests.swift */; };
		600CFCFE25D25A30006B5951 /* CloudKit.framework in Frameworks */ = {isa = PBXBuildFile; fileRef = 600CFCFD25D25A30006B5951 /* CloudKit.framework */; };
		600CFD0025D25C86006B5951 /* ListElement.swift in Sources */ = {isa = PBXBuildFile; fileRef = 600CFCFF25D25C86006B5951 /* ListElement.swift */; };
		600CFD0B25D25D80006B5951 /* ListElements.swift in Sources */ = {isa = PBXBuildFile; fileRef = 600CFD0A25D25D80006B5951 /* ListElements.swift */; };
		600CFD1025D25E65006B5951 /* CloudkitHelper.swift in Sources */ = {isa = PBXBuildFile; fileRef = 600CFD0F25D25E65006B5951 /* CloudkitHelper.swift */; };
/* End PBXBuildFile section */

/* Begin PBXContainerItemProxy section */
		600CFCD525D258E4006B5951 /* PBXContainerItemProxy */ = {
			isa = PBXContainerItemProxy;
			containerPortal = 600CFCB625D258E3006B5951 /* Project object */;
			proxyType = 1;
			remoteGlobalIDString = 600CFCBD25D258E3006B5951;
			remoteInfo = iCloudedemo;
		};
		600CFCE025D258E4006B5951 /* PBXContainerItemProxy */ = {
			isa = PBXContainerItemProxy;
			containerPortal = 600CFCB625D258E3006B5951 /* Project object */;
			proxyType = 1;
			remoteGlobalIDString = 600CFCBD25D258E3006B5951;
			remoteInfo = iCloudedemo;
		};
/* End PBXContainerItemProxy section */

/* Begin PBXFileReference section */
		600CFCBE25D258E3006B5951 /* iCloudedemo.app */ = {isa = PBXFileReference; explicitFileType = wrapper.application; includeInIndex = 0; path = iCloudedemo.app; sourceTree = BUILT_PRODUCTS_DIR; };
		600CFCC125D258E3006B5951 /* AppDelegate.swift */ = {isa = PBXFileReference; lastKnownFileType = sourcecode.swift; path = AppDelegate.swift; sourceTree = "<group>"; };
		600CFCC325D258E3006B5951 /* SceneDelegate.swift */ = {isa = PBXFileReference; lastKnownFileType = sourcecode.swift; path = SceneDelegate.swift; sourceTree = "<group>"; };
		600CFCC525D258E3006B5951 /* ContentView.swift */ = {isa = PBXFileReference; lastKnownFileType = sourcecode.swift; path = ContentView.swift; sourceTree = "<group>"; };
		600CFCC725D258E4006B5951 /* Assets.xcassets */ = {isa = PBXFileReference; lastKnownFileType = folder.assetcatalog; path = Assets.xcassets; sourceTree = "<group>"; };
		600CFCCA25D258E4006B5951 /* Preview Assets.xcassets */ = {isa = PBXFileReference; lastKnownFileType = folder.assetcatalog; path = "Preview Assets.xcassets"; sourceTree = "<group>"; };
		600CFCCD25D258E4006B5951 /* Base */ = {isa = PBXFileReference; lastKnownFileType = file.storyboard; name = Base; path = Base.lproj/LaunchScreen.storyboard; sourceTree = "<group>"; };
		600CFCCF25D258E4006B5951 /* Info.plist */ = {isa = PBXFileReference; lastKnownFileType = text.plist.xml; path = Info.plist; sourceTree = "<group>"; };
		600CFCD425D258E4006B5951 /* iCloudedemoTests.xctest */ = {isa = PBXFileReference; explicitFileType = wrapper.cfbundle; includeInIndex = 0; path = iCloudedemoTests.xctest; sourceTree = BUILT_PRODUCTS_DIR; };
		600CFCD825D258E4006B5951 /* iCloudedemoTests.swift */ = {isa = PBXFileReference; lastKnownFileType = sourcecode.swift; path = iCloudedemoTests.swift; sourceTree = "<group>"; };
		600CFCDA25D258E4006B5951 /* Info.plist */ = {isa = PBXFileReference; lastKnownFileType = text.plist.xml; path = Info.plist; sourceTree = "<group>"; };
		600CFCDF25D258E4006B5951 /* iCloudedemoUITests.xctest */ = {isa = PBXFileReference; explicitFileType = wrapper.cfbundle; includeInIndex = 0; path = iCloudedemoUITests.xctest; sourceTree = BUILT_PRODUCTS_DIR; };
		600CFCE325D258E4006B5951 /* iCloudedemoUITests.swift */ = {isa = PBXFileReference; lastKnownFileType = sourcecode.swift; path = iCloudedemoUITests.swift; sourceTree = "<group>"; };
		600CFCE525D258E4006B5951 /* Info.plist */ = {isa = PBXFileReference; lastKnownFileType = text.plist.xml; path = Info.plist; sourceTree = "<group>"; };
		600CFCF825D25A2C006B5951 /* iCloudedemo.entitlements */ = {isa = PBXFileReference; lastKnownFileType = text.plist.entitlements; path = iCloudedemo.entitlements; sourceTree = "<group>"; };
		600CFCFD25D25A30006B5951 /* CloudKit.framework */ = {isa = PBXFileReference; lastKnownFileType = wrapper.framework; name = CloudKit.framework; path = System/Library/Frameworks/CloudKit.framework; sourceTree = SDKROOT; };
		600CFCFF25D25C86006B5951 /* ListElement.swift */ = {isa = PBXFileReference; lastKnownFileType = sourcecode.swift; path = ListElement.swift; sourceTree = "<group>"; };
		600CFD0A25D25D80006B5951 /* ListElements.swift */ = {isa = PBXFileReference; lastKnownFileType = sourcecode.swift; path = ListElements.swift; sourceTree = "<group>"; };
		600CFD0F25D25E65006B5951 /* CloudkitHelper.swift */ = {isa = PBXFileReference; lastKnownFileType = sourcecode.swift; path = CloudkitHelper.swift; sourceTree = "<group>"; };
/* End PBXFileReference section */

/* Begin PBXFrameworksBuildPhase section */
		600CFCBB25D258E3006B5951 /* Frameworks */ = {
			isa = PBXFrameworksBuildPhase;
			buildActionMask = 2147483647;
			files = (
				600CFCFE25D25A30006B5951 /* CloudKit.framework in Frameworks */,
			);
			runOnlyForDeploymentPostprocessing = 0;
		};
		600CFCD125D258E4006B5951 /* Frameworks */ = {
			isa = PBXFrameworksBuildPhase;
			buildActionMask = 2147483647;
			files = (
			);
			runOnlyForDeploymentPostprocessing = 0;
		};
		600CFCDC25D258E4006B5951 /* Frameworks */ = {
			isa = PBXFrameworksBuildPhase;
			buildActionMask = 2147483647;
			files = (
			);
			runOnlyForDeploymentPostprocessing = 0;
		};
/* End PBXFrameworksBuildPhase section */

/* Begin PBXGroup section */
		600CFCB525D258E3006B5951 = {
			isa = PBXGroup;
			children = (
				600CFCC025D258E3006B5951 /* iCloudedemo */,
				600CFCD725D258E4006B5951 /* iCloudedemoTests */,
				600CFCE225D258E4006B5951 /* iCloudedemoUITests */,
				600CFCBF25D258E3006B5951 /* Products */,
				600CFCFC25D25A30006B5951 /* Frameworks */,
			);
			sourceTree = "<group>";
		};
		600CFCBF25D258E3006B5951 /* Products */ = {
			isa = PBXGroup;
			children = (
				600CFCBE25D258E3006B5951 /* iCloudedemo.app */,
				600CFCD425D258E4006B5951 /* iCloudedemoTests.xctest */,
				600CFCDF25D258E4006B5951 /* iCloudedemoUITests.xctest */,
			);
			name = Products;
			sourceTree = "<group>";
		};
		600CFCC025D258E3006B5951 /* iCloudedemo */ = {
			isa = PBXGroup;
			children = (
				600CFCF825D25A2C006B5951 /* iCloudedemo.entitlements */,
				600CFCC125D258E3006B5951 /* AppDelegate.swift */,
				600CFCC325D258E3006B5951 /* SceneDelegate.swift */,
				600CFCC525D258E3006B5951 /* ContentView.swift */,
				600CFCC725D258E4006B5951 /* Assets.xcassets */,
				600CFCFF25D25C86006B5951 /* ListElement.swift */,
				600CFD0F25D25E65006B5951 /* CloudkitHelper.swift */,
				600CFD0A25D25D80006B5951 /* ListElements.swift */,
				600CFCCC25D258E4006B5951 /* LaunchScreen.storyboard */,
				600CFCCF25D258E4006B5951 /* Info.plist */,
				600CFCC925D258E4006B5951 /* Preview Content */,
			);
			path = iCloudedemo;
			sourceTree = "<group>";
		};
		600CFCC925D258E4006B5951 /* Preview Content */ = {
			isa = PBXGroup;
			children = (
				600CFCCA25D258E4006B5951 /* Preview Assets.xcassets */,
			);
			path = "Preview Content";
			sourceTree = "<group>";
		};
		600CFCD725D258E4006B5951 /* iCloudedemoTests */ = {
			isa = PBXGroup;
			children = (
				600CFCD825D258E4006B5951 /* iCloudedemoTests.swift */,
				600CFCDA25D258E4006B5951 /* Info.plist */,
			);
			path = iCloudedemoTests;
			sourceTree = "<group>";
		};
		600CFCE225D258E4006B5951 /* iCloudedemoUITests */ = {
			isa = PBXGroup;
			children = (
				600CFCE325D258E4006B5951 /* iCloudedemoUITests.swift */,
				600CFCE525D258E4006B5951 /* Info.plist */,
			);
			path = iCloudedemoUITests;
			sourceTree = "<group>";
		};
		600CFCFC25D25A30006B5951 /* Frameworks */ = {
			isa = PBXGroup;
			children = (
				600CFCFD25D25A30006B5951 /* CloudKit.framework */,
			);
			name = Frameworks;
			sourceTree = "<group>";
		};
/* End PBXGroup section */

/* Begin PBXNativeTarget section */
		600CFCBD25D258E3006B5951 /* iCloudedemo */ = {
			isa = PBXNativeTarget;
			buildConfigurationList = 600CFCE825D258E4006B5951 /* Build configuration list for PBXNativeTarget "iCloudedemo" */;
			buildPhases = (
				600CFCBA25D258E3006B5951 /* Sources */,
				600CFCBB25D258E3006B5951 /* Frameworks */,
				600CFCBC25D258E3006B5951 /* Resources */,
			);
			buildRules = (
			);
			dependencies = (
			);
			name = iCloudedemo;
			productName = iCloudedemo;
			productReference = 600CFCBE25D258E3006B5951 /* iCloudedemo.app */;
			productType = "com.apple.product-type.application";
		};
		600CFCD325D258E4006B5951 /* iCloudedemoTests */ = {
			isa = PBXNativeTarget;
			buildConfigurationList = 600CFCEB25D258E4006B5951 /* Build configuration list for PBXNativeTarget "iCloudedemoTests" */;
			buildPhases = (
				600CFCD025D258E4006B5951 /* Sources */,
				600CFCD125D258E4006B5951 /* Frameworks */,
				600CFCD225D258E4006B5951 /* Resources */,
			);
			buildRules = (
			);
			dependencies = (
				600CFCD625D258E4006B5951 /* PBXTargetDependency */,
			);
			name = iCloudedemoTests;
			productName = iCloudedemoTests;
			productReference = 600CFCD425D258E4006B5951 /* iCloudedemoTests.xctest */;
			productType = "com.apple.product-type.bundle.unit-test";
		};
		600CFCDE25D258E4006B5951 /* iCloudedemoUITests */ = {
			isa = PBXNativeTarget;
			buildConfigurationList = 600CFCEE25D258E4006B5951 /* Build configuration list for PBXNativeTarget "iCloudedemoUITests" */;
			buildPhases = (
				600CFCDB25D258E4006B5951 /* Sources */,
				600CFCDC25D258E4006B5951 /* Frameworks */,
				600CFCDD25D258E4006B5951 /* Resources */,
			);
			buildRules = (
			);
			dependencies = (
				600CFCE125D258E4006B5951 /* PBXTargetDependency */,
			);
			name = iCloudedemoUITests;
			productName = iCloudedemoUITests;
			productReference = 600CFCDF25D258E4006B5951 /* iCloudedemoUITests.xctest */;
			productType = "com.apple.product-type.bundle.ui-testing";
		};
/* End PBXNativeTarget section */

/* Begin PBXProject section */
		600CFCB625D258E3006B5951 /* Project object */ = {
			isa = PBXProject;
			attributes = {
				LastSwiftUpdateCheck = 1210;
				LastUpgradeCheck = 1210;
				TargetAttributes = {
					600CFCBD25D258E3006B5951 = {
						CreatedOnToolsVersion = 12.1;
					};
					600CFCD325D258E4006B5951 = {
						CreatedOnToolsVersion = 12.1;
						TestTargetID = 600CFCBD25D258E3006B5951;
					};
					600CFCDE25D258E4006B5951 = {
						CreatedOnToolsVersion = 12.1;
						TestTargetID = 600CFCBD25D258E3006B5951;
					};
				};
			};
			buildConfigurationList = 600CFCB925D258E3006B5951 /* Build configuration list for PBXProject "iCloudedemo" */;
			compatibilityVersion = "Xcode 9.3";
			developmentRegion = en;
			hasScannedForEncodings = 0;
			knownRegions = (
				en,
				Base,
			);
			mainGroup = 600CFCB525D258E3006B5951;
			productRefGroup = 600CFCBF25D258E3006B5951 /* Products */;
			projectDirPath = "";
			projectRoot = "";
			targets = (
				600CFCBD25D258E3006B5951 /* iCloudedemo */,
				600CFCD325D258E4006B5951 /* iCloudedemoTests */,
				600CFCDE25D258E4006B5951 /* iCloudedemoUITests */,
			);
		};
/* End PBXProject section */

/* Begin PBXResourcesBuildPhase section */
		600CFCBC25D258E3006B5951 /* Resources */ = {
			isa = PBXResourcesBuildPhase;
			buildActionMask = 2147483647;
			files = (
				600CFCCE25D258E4006B5951 /* LaunchScreen.storyboard in Resources */,
				600CFCCB25D258E4006B5951 /* Preview Assets.xcassets in Resources */,
				600CFCC825D258E4006B5951 /* Assets.xcassets in Resources */,
			);
			runOnlyForDeploymentPostprocessing = 0;
		};
		600CFCD225D258E4006B5951 /* Resources */ = {
			isa = PBXResourcesBuildPhase;
			buildActionMask = 2147483647;
			files = (
			);
			runOnlyForDeploymentPostprocessing = 0;
		};
		600CFCDD25D258E4006B5951 /* Resources */ = {
			isa = PBXResourcesBuildPhase;
			buildActionMask = 2147483647;
			files = (
			);
			runOnlyForDeploymentPostprocessing = 0;
		};
/* End PBXResourcesBuildPhase section */

/* Begin PBXSourcesBuildPhase section */
		600CFCBA25D258E3006B5951 /* Sources */ = {
			isa = PBXSourcesBuildPhase;
			buildActionMask = 2147483647;
			files = (
				600CFCC225D258E3006B5951 /* AppDelegate.swift in Sources */,
				600CFCC425D258E3006B5951 /* SceneDelegate.swift in Sources */,
				600CFD0B25D25D80006B5951 /* ListElements.swift in Sources */,
				600CFD0025D25C86006B5951 /* ListElement.swift in Sources */,
				600CFD1025D25E65006B5951 /* CloudkitHelper.swift in Sources */,
				600CFCC625D258E3006B5951 /* ContentView.swift in Sources */,
			);
			runOnlyForDeploymentPostprocessing = 0;
		};
		600CFCD025D258E4006B5951 /* Sources */ = {
			isa = PBXSourcesBuildPhase;
			buildActionMask = 2147483647;
			files = (
				600CFCD925D258E4006B5951 /* iCloudedemoTests.swift in Sources */,
			);
			runOnlyForDeploymentPostprocessing = 0;
		};
		600CFCDB25D258E4006B5951 /* Sources */ = {
			isa = PBXSourcesBuildPhase;
			buildActionMask = 2147483647;
			files = (
				600CFCE425D258E4006B5951 /* iCloudedemoUITests.swift in Sources */,
			);
			runOnlyForDeploymentPostprocessing = 0;
		};
/* End PBXSourcesBuildPhase section */

/* Begin PBXTargetDependency section */
		600CFCD625D258E4006B5951 /* PBXTargetDependency */ = {
			isa = PBXTargetDependency;
			target = 600CFCBD25D258E3006B5951 /* iCloudedemo */;
			targetProxy = 600CFCD525D258E4006B5951 /* PBXContainerItemProxy */;
		};
		600CFCE125D258E4006B5951 /* PBXTargetDependency */ = {
			isa = PBXTargetDependency;
			target = 600CFCBD25D258E3006B5951 /* iCloudedemo */;
			targetProxy = 600CFCE025D258E4006B5951 /* PBXContainerItemProxy */;
		};
/* End PBXTargetDependency section */

/* Begin PBXVariantGroup section */
		600CFCCC25D258E4006B5951 /* LaunchScreen.storyboard */ = {
			isa = PBXVariantGroup;
			children = (
				600CFCCD25D258E4006B5951 /* Base */,
			);
			name = LaunchScreen.storyboard;
			sourceTree = "<group>";
		};
/* End PBXVariantGroup section */

/* Begin XCBuildConfiguration section */
		600CFCE625D258E4006B5951 /* Debug */ = {
			isa = XCBuildConfiguration;
			buildSettings = {
				ALWAYS_SEARCH_USER_PATHS = NO;
				CLANG_ANALYZER_NONNULL = YES;
				CLANG_ANALYZER_NUMBER_OBJECT_CONVERSION = YES_AGGRESSIVE;
				CLANG_CXX_LANGUAGE_STANDARD = "gnu++14";
				CLANG_CXX_LIBRARY = "libc++";
				CLANG_ENABLE_MODULES = YES;
				CLANG_ENABLE_OBJC_ARC = YES;
				CLANG_ENABLE_OBJC_WEAK = YES;
				CLANG_WARN_BLOCK_CAPTURE_AUTORELEASING = YES;
				CLANG_WARN_BOOL_CONVERSION = YES;
				CLANG_WARN_COMMA = YES;
				CLANG_WARN_CONSTANT_CONVERSION = YES;
				CLANG_WARN_DEPRECATED_OBJC_IMPLEMENTATIONS = YES;
				CLANG_WARN_DIRECT_OBJC_ISA_USAGE = YES_ERROR;
				CLANG_WARN_DOCUMENTATION_COMMENTS = YES;
				CLANG_WARN_EMPTY_BODY = YES;
				CLANG_WARN_ENUM_CONVERSION = YES;
				CLANG_WARN_INFINITE_RECURSION = YES;
				CLANG_WARN_INT_CONVERSION = YES;
				CLANG_WARN_NON_LITERAL_NULL_CONVERSION = YES;
				CLANG_WARN_OBJC_IMPLICIT_RETAIN_SELF = YES;
				CLANG_WARN_OBJC_LITERAL_CONVERSION = YES;
				CLANG_WARN_OBJC_ROOT_CLASS = YES_ERROR;
				CLANG_WARN_QUOTED_INCLUDE_IN_FRAMEWORK_HEADER = YES;
				CLANG_WARN_RANGE_LOOP_ANALYSIS = YES;
				CLANG_WARN_STRICT_PROTOTYPES = YES;
				CLANG_WARN_SUSPICIOUS_MOVE = YES;
				CLANG_WARN_UNGUARDED_AVAILABILITY = YES_AGGRESSIVE;
				CLANG_WARN_UNREACHABLE_CODE = YES;
				CLANG_WARN__DUPLICATE_METHOD_MATCH = YES;
				COPY_PHASE_STRIP = NO;
				DEBUG_INFORMATION_FORMAT = dwarf;
				ENABLE_STRICT_OBJC_MSGSEND = YES;
				ENABLE_TESTABILITY = YES;
				GCC_C_LANGUAGE_STANDARD = gnu11;
				GCC_DYNAMIC_NO_PIC = NO;
				GCC_NO_COMMON_BLOCKS = YES;
				GCC_OPTIMIZATION_LEVEL = 0;
				GCC_PREPROCESSOR_DEFINITIONS = (
					"DEBUG=1",
					"$(inherited)",
				);
				GCC_WARN_64_TO_32_BIT_CONVERSION = YES;
				GCC_WARN_ABOUT_RETURN_TYPE = YES_ERROR;
				GCC_WARN_UNDECLARED_SELECTOR = YES;
				GCC_WARN_UNINITIALIZED_AUTOS = YES_AGGRESSIVE;
				GCC_WARN_UNUSED_FUNCTION = YES;
				GCC_WARN_UNUSED_VARIABLE = YES;
				IPHONEOS_DEPLOYMENT_TARGET = 14.1;
				MTL_ENABLE_DEBUG_INFO = INCLUDE_SOURCE;
				MTL_FAST_MATH = YES;
				ONLY_ACTIVE_ARCH = YES;
				SDKROOT = iphoneos;
				SWIFT_ACTIVE_COMPILATION_CONDITIONS = DEBUG;
				SWIFT_OPTIMIZATION_LEVEL = "-Onone";
			};
			name = Debug;
		};
		600CFCE725D258E4006B5951 /* Release */ = {
			isa = XCBuildConfiguration;
			buildSettings = {
				ALWAYS_SEARCH_USER_PATHS = NO;
				CLANG_ANALYZER_NONNULL = YES;
				CLANG_ANALYZER_NUMBER_OBJECT_CONVERSION = YES_AGGRESSIVE;
				CLANG_CXX_LANGUAGE_STANDARD = "gnu++14";
				CLANG_CXX_LIBRARY = "libc++";
				CLANG_ENABLE_MODULES = YES;
				CLANG_ENABLE_OBJC_ARC = YES;
				CLANG_ENABLE_OBJC_WEAK = YES;
				CLANG_WARN_BLOCK_CAPTURE_AUTORELEASING = YES;
				CLANG_WARN_BOOL_CONVERSION = YES;
				CLANG_WARN_COMMA = YES;
				CLANG_WARN_CONSTANT_CONVERSION = YES;
				CLANG_WARN_DEPRECATED_OBJC_IMPLEMENTATIONS = YES;
				CLANG_WARN_DIRECT_OBJC_ISA_USAGE = YES_ERROR;
				CLANG_WARN_DOCUMENTATION_COMMENTS = YES;
				CLANG_WARN_EMPTY_BODY = YES;
				CLANG_WARN_ENUM_CONVERSION = YES;
				CLANG_WARN_INFINITE_RECURSION = YES;
				CLANG_WARN_INT_CONVERSION = YES;
				CLANG_WARN_NON_LITERAL_NULL_CONVERSION = YES;
				CLANG_WARN_OBJC_IMPLICIT_RETAIN_SELF = YES;
				CLANG_WARN_OBJC_LITERAL_CONVERSION = YES;
				CLANG_WARN_OBJC_ROOT_CLASS = YES_ERROR;
				CLANG_WARN_QUOTED_INCLUDE_IN_FRAMEWORK_HEADER = YES;
				CLANG_WARN_RANGE_LOOP_ANALYSIS = YES;
				CLANG_WARN_STRICT_PROTOTYPES = YES;
				CLANG_WARN_SUSPICIOUS_MOVE = YES;
				CLANG_WARN_UNGUARDED_AVAILABILITY = YES_AGGRESSIVE;
				CLANG_WARN_UNREACHABLE_CODE = YES;
				CLANG_WARN__DUPLICATE_METHOD_MATCH = YES;
				COPY_PHASE_STRIP = NO;
				DEBUG_INFORMATION_FORMAT = "dwarf-with-dsym";
				ENABLE_NS_ASSERTIONS = NO;
				ENABLE_STRICT_OBJC_MSGSEND = YES;
				GCC_C_LANGUAGE_STANDARD = gnu11;
				GCC_NO_COMMON_BLOCKS = YES;
				GCC_WARN_64_TO_32_BIT_CONVERSION = YES;
				GCC_WARN_ABOUT_RETURN_TYPE = YES_ERROR;
				GCC_WARN_UNDECLARED_SELECTOR = YES;
				GCC_WARN_UNINITIALIZED_AUTOS = YES_AGGRESSIVE;
				GCC_WARN_UNUSED_FUNCTION = YES;
				GCC_WARN_UNUSED_VARIABLE = YES;
				IPHONEOS_DEPLOYMENT_TARGET = 14.1;
				MTL_ENABLE_DEBUG_INFO = NO;
				MTL_FAST_MATH = YES;
				SDKROOT = iphoneos;
				SWIFT_COMPILATION_MODE = wholemodule;
				SWIFT_OPTIMIZATION_LEVEL = "-O";
				VALIDATE_PRODUCT = YES;
			};
			name = Release;
		};
		600CFCE925D258E4006B5951 /* Debug */ = {
			isa = XCBuildConfiguration;
			buildSettings = {
				ASSETCATALOG_COMPILER_APPICON_NAME = AppIcon;
				ASSETCATALOG_COMPILER_GLOBAL_ACCENT_COLOR_NAME = AccentColor;
				CODE_SIGN_ENTITLEMENTS = iCloudedemo/iCloudedemo.entitlements;
				CODE_SIGN_IDENTITY = "Apple Development";
				CODE_SIGN_STYLE = Automatic;
				DEVELOPMENT_ASSET_PATHS = "\"iCloudedemo/Preview Content\"";
				DEVELOPMENT_TEAM = 6G2HJ55BF8;
				ENABLE_PREVIEWS = YES;
				INFOPLIST_FILE = iCloudedemo/Info.plist;
				LD_RUNPATH_SEARCH_PATHS = (
					"$(inherited)",
					"@executable_path/Frameworks",
				);
				PRODUCT_BUNDLE_IDENTIFIER = knoxpo.iCloudedemo;
				PRODUCT_NAME = "$(TARGET_NAME)";
				PROVISIONING_PROFILE_SPECIFIER = "";
				SWIFT_VERSION = 5.0;
				TARGETED_DEVICE_FAMILY = "1,2";
			};
			name = Debug;
		};
		600CFCEA25D258E4006B5951 /* Release */ = {
			isa = XCBuildConfiguration;
			buildSettings = {
				ASSETCATALOG_COMPILER_APPICON_NAME = AppIcon;
				ASSETCATALOG_COMPILER_GLOBAL_ACCENT_COLOR_NAME = AccentColor;
				CODE_SIGN_ENTITLEMENTS = iCloudedemo/iCloudedemo.entitlements;
				CODE_SIGN_STYLE = Automatic;
				DEVELOPMENT_ASSET_PATHS = "\"iCloudedemo/Preview Content\"";
				DEVELOPMENT_TEAM = DD73F8592Z;
				ENABLE_PREVIEWS = YES;
				INFOPLIST_FILE = iCloudedemo/Info.plist;
				LD_RUNPATH_SEARCH_PATHS = (
					"$(inherited)",
					"@executable_path/Frameworks",
				);
				PRODUCT_BUNDLE_IDENTIFIER = com.knoxpo.iCloudedemo;
				PRODUCT_NAME = "$(TARGET_NAME)";
				SWIFT_VERSION = 5.0;
				TARGETED_DEVICE_FAMILY = "1,2";
			};
			name = Release;
		};
		600CFCEC25D258E4006B5951 /* Debug */ = {
			isa = XCBuildConfiguration;
			buildSettings = {
				ALWAYS_EMBED_SWIFT_STANDARD_LIBRARIES = YES;
				BUNDLE_LOADER = "$(TEST_HOST)";
				CODE_SIGN_STYLE = Automatic;
				DEVELOPMENT_TEAM = 6G2HJ55BF8;
				INFOPLIST_FILE = iCloudedemoTests/Info.plist;
				IPHONEOS_DEPLOYMENT_TARGET = 14.1;
				LD_RUNPATH_SEARCH_PATHS = (
					"$(inherited)",
					"@executable_path/Frameworks",
					"@loader_path/Frameworks",
				);
				PRODUCT_BUNDLE_IDENTIFIER = knoxpo.iCloudedemoTests;
				PRODUCT_NAME = "$(TARGET_NAME)";
				SWIFT_VERSION = 5.0;
				TARGETED_DEVICE_FAMILY = "1,2";
				TEST_HOST = "$(BUILT_PRODUCTS_DIR)/iCloudedemo.app/iCloudedemo";
			};
			name = Debug;
		};
		600CFCED25D258E4006B5951 /* Release */ = {
			isa = XCBuildConfiguration;
			buildSettings = {
				ALWAYS_EMBED_SWIFT_STANDARD_LIBRARIES = YES;
				BUNDLE_LOADER = "$(TEST_HOST)";
				CODE_SIGN_STYLE = Automatic;
				DEVELOPMENT_TEAM = 6G2HJ55BF8;
				INFOPLIST_FILE = iCloudedemoTests/Info.plist;
				IPHONEOS_DEPLOYMENT_TARGET = 14.1;
				LD_RUNPATH_SEARCH_PATHS = (
					"$(inherited)",
					"@executable_path/Frameworks",
					"@loader_path/Frameworks",
				);
				PRODUCT_BUNDLE_IDENTIFIER = knoxpo.iCloudedemoTests;
				PRODUCT_NAME = "$(TARGET_NAME)";
				SWIFT_VERSION = 5.0;
				TARGETED_DEVICE_FAMILY = "1,2";
				TEST_HOST = "$(BUILT_PRODUCTS_DIR)/iCloudedemo.app/iCloudedemo";
			};
			name = Release;
		};
		600CFCEF25D258E4006B5951 /* Debug */ = {
			isa = XCBuildConfiguration;
			buildSettings = {
				ALWAYS_EMBED_SWIFT_STANDARD_LIBRARIES = YES;
				CODE_SIGN_STYLE = Automatic;
				DEVELOPMENT_TEAM = 6G2HJ55BF8;
				INFOPLIST_FILE = iCloudedemoUITests/Info.plist;
				LD_RUNPATH_SEARCH_PATHS = (
					"$(inherited)",
					"@executable_path/Frameworks",
					"@loader_path/Frameworks",
				);
				PRODUCT_BUNDLE_IDENTIFIER = knoxpo.iCloudedemoUITests;
				PRODUCT_NAME = "$(TARGET_NAME)";
				SWIFT_VERSION = 5.0;
				TARGETED_DEVICE_FAMILY = "1,2";
				TEST_TARGET_NAME = iCloudedemo;
			};
			name = Debug;
		};
		600CFCF025D258E4006B5951 /* Release */ = {
			isa = XCBuildConfiguration;
			buildSettings = {
				ALWAYS_EMBED_SWIFT_STANDARD_LIBRARIES = YES;
				CODE_SIGN_STYLE = Automatic;
				DEVELOPMENT_TEAM = 6G2HJ55BF8;
				INFOPLIST_FILE = iCloudedemoUITests/Info.plist;
				LD_RUNPATH_SEARCH_PATHS = (
					"$(inherited)",
					"@executable_path/Frameworks",
					"@loader_path/Frameworks",
				);
				PRODUCT_BUNDLE_IDENTIFIER = knoxpo.iCloudedemoUITests;
				PRODUCT_NAME = "$(TARGET_NAME)";
				SWIFT_VERSION = 5.0;
				TARGETED_DEVICE_FAMILY = "1,2";
				TEST_TARGET_NAME = iCloudedemo;
			};
			name = Release;
		};
/* End XCBuildConfiguration section */

/* Begin XCConfigurationList section */
		600CFCB925D258E3006B5951 /* Build configuration list for PBXProject "iCloudedemo" */ = {
			isa = XCConfigurationList;
			buildConfigurations = (
				600CFCE625D258E4006B5951 /* Debug */,
				600CFCE725D258E4006B5951 /* Release */,
			);
			defaultConfigurationIsVisible = 0;
			defaultConfigurationName = Release;
		};
		600CFCE825D258E4006B5951 /* Build configuration list for PBXNativeTarget "iCloudedemo" */ = {
			isa = XCConfigurationList;
			buildConfigurations = (
				600CFCE925D258E4006B5951 /* Debug */,
				600CFCEA25D258E4006B5951 /* Release */,
			);
			defaultConfigurationIsVisible = 0;
			defaultConfigurationName = Release;
		};
		600CFCEB25D258E4006B5951 /* Build configuration list for PBXNativeTarget "iCloudedemoTests" */ = {
			isa = XCConfigurationList;
			buildConfigurations = (
				600CFCEC25D258E4006B5951 /* Debug */,
				600CFCED25D258E4006B5951 /* Release */,
			);
			defaultConfigurationIsVisible = 0;
			defaultConfigurationName = Release;
		};
		600CFCEE25D258E4006B5951 /* Build configuration list for PBXNativeTarget "iCloudedemoUITests" */ = {
			isa = XCConfigurationList;
			buildConfigurations = (
				600CFCEF25D258E4006B5951 /* Debug */,
				600CFCF025D258E4006B5951 /* Release */,
			);
			defaultConfigurationIsVisible = 0;
			defaultConfigurationName = Release;
		};
/* End XCConfigurationList section */
	};
	rootObject = 600CFCB625D258E3006B5951 /* Project object */;
}
